
Microsoft Visual Studio Solution File, Format Version 12.00
# Visual Studio Version 16
VisualStudioVersion = 16.0.30611.23
MinimumVisualStudioVersion = 10.0.40219.1
Project("{FAE04EC0-301F-11D3-BF4B-00C04F79EFBC}") = "TestGit", "TestGit.csproj", "{984FD8AD-BD40-40E9-9D45-39C3B19D9E22}"
EndProject
Global
	GlobalSection(SolutionConfigurationPlatforms) = preSolution
		Debug|Any CPU = Debug|Any CPU
		Release|Any CPU = Release|Any CPU
	EndGlobalSection
	GlobalSection(ProjectConfigurationPlatforms) = postSolution
		{984FD8AD-BD40-40E9-9D45-39C3B19D9E22}.Debug|Any CPU.ActiveCfg = Debug|Any CPU
		{984FD8AD-BD40-40E9-9D45-39C3B19D9E22}.Debug|Any CPU.Build.0 = Debug|Any CPU
		{984FD8AD-BD40-40E9-9D45-39C3B19D9E22}.Release|Any CPU.ActiveCfg = Release|Any CPU
		{984FD8AD-BD40-40E9-9D45-39C3B19D9E22}.Release|Any CPU.Build.0 = Release|Any CPU
	EndGlobalSection
	GlobalSection(SolutionProperties) = preSolution
		HideSolutionNode = FALSE
	EndGlobalSection
	GlobalSection(ExtensibilityGlobals) = postSolution
		SolutionGuid = {177866BA-19C5-4B6C-8132-B7FB978BC4E3}
	EndGlobalSection
EndGlobal
